
Microsoft Visual Studio Solution File, Format Version 12.00
# Visual Studio Version 17
VisualStudioVersion = 17.3.32825.248
MinimumVisualStudioVersion = 10.0.40219.1
Project("{FAE04EC0-301F-11D3-BF4B-00C04F79EFBC}") = "Hangfire.Demo", "Hangfire.Demo\Hangfire.Demo.csproj", "{87F2B904-E3B1-41F5-AFD1-BEF57B7DE4BB}"
EndProject
Global
	GlobalSection(SolutionConfigurationPlatforms) = preSolution
		Debug|Any CPU = Debug|Any CPU
		Release|Any CPU = Release|Any CPU
	EndGlobalSection
	GlobalSection(ProjectConfigurationPlatforms) = postSolution
		{87F2B904-E3B1-41F5-AFD1-BEF57B7DE4BB}.Debug|Any CPU.ActiveCfg = Debug|Any CPU
		{87F2B904-E3B1-41F5-AFD1-BEF57B7DE4BB}.Debug|Any CPU.Build.0 = Debug|Any CPU
		{87F2B904-E3B1-41F5-AFD1-BEF57B7DE4BB}.Release|Any CPU.ActiveCfg = Release|Any CPU
		{87F2B904-E3B1-41F5-AFD1-BEF57B7DE4BB}.Release|Any CPU.Build.0 = Release|Any CPU
	EndGlobalSection
	GlobalSection(SolutionProperties) = preSolution
		HideSolutionNode = FALSE
	EndGlobalSection
	GlobalSection(ExtensibilityGlobals) = postSolution
		SolutionGuid = {D1F2D82D-0553-4394-B1C3-2B62C6C968E2}
	EndGlobalSection
EndGlobal
